PODS:
  - Google-Maps-iOS-Utils (1.1.2):
    - Google-Maps-iOS-Utils/Clustering (= 1.1.2)
    - Google-Maps-iOS-Utils/QuadTree (= 1.1.2)
    - GoogleMaps
  - Google-Maps-iOS-Utils/Clustering (1.1.2):
    - Google-Maps-iOS-Utils/QuadTree
    - GoogleMaps
  - Google-Maps-iOS-Utils/QuadTree (1.1.2):
    - GoogleMaps
  - GoogleMaps (2.2.0):
    - GoogleMaps/Maps (= 2.2.0)
  - GoogleMaps/Base (2.2.0)
  - GoogleMaps/Maps (2.2.0):
    - GoogleMaps/Base
  - GooglePlaces (2.2.0):
    - GoogleMaps/Base (= 2.2.0)

DEPENDENCIES:
  - Google-Maps-iOS-Utils
  - GoogleMaps
  - GooglePlaces

SPEC CHECKSUMS:
  Google-Maps-iOS-Utils: 4f308c9bf3b0da228aff1435a92f9fc2e13a28ff
  GoogleMaps: 104c418d61ab8a05dff06ed0784c25ea9d37da45
  GooglePlaces: bca867d5e9da15384c794b945e4226848bc6e9d9

PODFILE CHECKSUM: 560f485c760316ae6d272566adc8127fd664033b

COCOAPODS: 1.2.0
